
Microsoft Visual Studio Solution File, Format Version 12.00
# Visual Studio Version 16
VisualStudioVersion = 16.0.810.10
MinimumVisualStudioVersion = 10.0.40219.1
Project("{FAE04EC0-301F-11D3-BF4B-00C04F79EFBC}") = "UMateModel", "UMateModel\UMateModel.csproj", "{E41BEAB7-8F84-416B-8E8E-2D1ABF5BC02B}"
EndProject
Project("{FAE04EC0-301F-11D3-BF4B-00C04F79EFBC}") = "UMateAdmin", "UMateAdmin\UMateAdmin.csproj", "{12D23470-4027-4D3A-8359-341504DD3C08}"
EndProject
Project("{FAE04EC0-301F-11D3-BF4B-00C04F79EFBC}") = "UMateApi", "UMateApi\UMateApi.csproj", "{999CE467-B4A4-4898-8753-7883691C8D22}"
EndProject
Project("{FAE04EC0-301F-11D3-BF4B-00C04F79EFBC}") = "UMateBulkInsert", "UMateBulkInsert\UMateBulkInsert.csproj", "{5D218BA5-79CD-41CE-A619-09DDD7496AF4}"
EndProject
Global
	GlobalSection(SolutionConfigurationPlatforms) = preSolution
		Debug|Any CPU = Debug|Any CPU
		Release|Any CPU = Release|Any CPU
	EndGlobalSection
	GlobalSection(ProjectConfigurationPlatforms) = postSolution
		{E41BEAB7-8F84-416B-8E8E-2D1ABF5BC02B}.Debug|Any CPU.ActiveCfg = Debug|Any CPU
		{E41BEAB7-8F84-416B-8E8E-2D1ABF5BC02B}.Debug|Any CPU.Build.0 = Debug|Any CPU
		{E41BEAB7-8F84-416B-8E8E-2D1ABF5BC02B}.Release|Any CPU.ActiveCfg = Release|Any CPU
		{E41BEAB7-8F84-416B-8E8E-2D1ABF5BC02B}.Release|Any CPU.Build.0 = Release|Any CPU
		{12D23470-4027-4D3A-8359-341504DD3C08}.Debug|Any CPU.ActiveCfg = Debug|Any CPU
		{12D23470-4027-4D3A-8359-341504DD3C08}.Debug|Any CPU.Build.0 = Debug|Any CPU
		{12D23470-4027-4D3A-8359-341504DD3C08}.Release|Any CPU.ActiveCfg = Release|Any CPU
		{12D23470-4027-4D3A-8359-341504DD3C08}.Release|Any CPU.Build.0 = Release|Any CPU
		{999CE467-B4A4-4898-8753-7883691C8D22}.Debug|Any CPU.ActiveCfg = Debug|Any CPU
		{999CE467-B4A4-4898-8753-7883691C8D22}.Debug|Any CPU.Build.0 = Debug|Any CPU
		{999CE467-B4A4-4898-8753-7883691C8D22}.Release|Any CPU.ActiveCfg = Release|Any CPU
		{999CE467-B4A4-4898-8753-7883691C8D22}.Release|Any CPU.Build.0 = Release|Any CPU
		{5D218BA5-79CD-41CE-A619-09DDD7496AF4}.Debug|Any CPU.ActiveCfg = Debug|Any CPU
		{5D218BA5-79CD-41CE-A619-09DDD7496AF4}.Debug|Any CPU.Build.0 = Debug|Any CPU
		{5D218BA5-79CD-41CE-A619-09DDD7496AF4}.Release|Any CPU.ActiveCfg = Release|Any CPU
		{5D218BA5-79CD-41CE-A619-09DDD7496AF4}.Release|Any CPU.Build.0 = Release|Any CPU
	EndGlobalSection
	GlobalSection(SolutionProperties) = preSolution
		HideSolutionNode = FALSE
	EndGlobalSection
	GlobalSection(ExtensibilityGlobals) = postSolution
		SolutionGuid = {55798D40-4E42-40D5-8A01-575F840DF926}
	EndGlobalSection
EndGlobal
